// !$*UTF8*$!
{
	archiveVersion = 1;
	classes = {
	};
	objectVersion = 51;
	objects = {

/* Begin PBXBuildFile section */
		01CAF1352571026C0021F8C7 /* WeatherModel.swift in Sources */ = {isa = PBXBuildFile; fileRef = 01CAF1342571026C0021F8C7 /* WeatherModel.swift */; };
		01CAF13B257106870021F8C7 /* URLRequest+Extensions.swift in Sources */ = {isa = PBXBuildFile; fileRef = 01CAF13A257106870021F8C7 /* URLRequest+Extensions.swift */; };
		01CAF13E257111DC0021F8C7 /* URL+Extension.swift in Sources */ = {isa = PBXBuildFile; fileRef = 01CAF13D257111DC0021F8C7 /* URL+Extension.swift */; };
		01E8AA0E256FF89E00F6B7EB /* AppDelegate.swift in Sources */ = {isa = PBXBuildFile; fileRef = 01E8AA0D256FF89E00F6B7EB /* AppDelegate.swift */; };
		01E8AA10256FF89E00F6B7EB /* SceneDelegate.swift in Sources */ = {isa = PBXBuildFile; fileRef = 01E8AA0F256FF89E00F6B7EB /* SceneDelegate.swift */; };
		01E8AA12256FF89E00F6B7EB /* ViewController.swift in Sources */ = {isa = PBXBuildFile; fileRef = 01E8AA11256FF89E00F6B7EB /* ViewController.swift */; };
		01E8AA15256FF89E00F6B7EB /* Main.storyboard in Resources */ = {isa = PBXBuildFile; fileRef = 01E8AA13256FF89E00F6B7EB /* Main.storyboard */; };
		01E8AA17256FF89F00F6B7EB /* Assets.xcassets in Resources */ = {isa = PBXBuildFile; fileRef = 01E8AA16256FF89F00F6B7EB /* Assets.xcassets */; };
		01E8AA1A256FF89F00F6B7EB /* LaunchScreen.storyboard in Resources */ = {isa = PBXBuildFile; fileRef = 01E8AA18256FF89F00F6B7EB /* LaunchScreen.storyboard */; };
		66915CF2AE19E0A0D3F8B7EF /* Pods_WeatherApp.framework in Frameworks */ = {isa = PBXBuildFile; fileRef = E5E167EF4420C48E7DF93675 /* Pods_WeatherApp.framework */; };
/* End PBXBuildFile section */

/* Begin PBXFileReference section */
		01CAF1342571026C0021F8C7 /* WeatherModel.swift */ = {isa = PBXFileReference; lastKnownFileType = sourcecode.swift; path = WeatherModel.swift; sourceTree = "<group>"; };
		01CAF13A257106870021F8C7 /* URLRequest+Extensions.swift */ = {isa = PBXFileReference; lastKnownFileType = sourcecode.swift; path = "URLRequest+Extensions.swift"; sourceTree = "<group>"; };
		01CAF13D257111DC0021F8C7 /* URL+Extension.swift */ = {isa = PBXFileReference; lastKnownFileType = sourcecode.swift; path = "URL+Extension.swift"; sourceTree = "<group>"; };
		01E8AA0A256FF89D00F6B7EB /* WeatherApp.app */ = {isa = PBXFileReference; explicitFileType = wrapper.application; includeInIndex = 0; path = WeatherApp.app; sourceTree = BUILT_PRODUCTS_DIR; };
		01E8AA0D256FF89E00F6B7EB /* AppDelegate.swift */ = {isa = PBXFileReference; lastKnownFileType = sourcecode.swift; path = AppDelegate.swift; sourceTree = "<group>"; };
		01E8AA0F256FF89E00F6B7EB /* SceneDelegate.swift */ = {isa = PBXFileReference; lastKnownFileType = sourcecode.swift; path = SceneDelegate.swift; sourceTree = "<group>"; };
		01E8AA11256FF89E00F6B7EB /* ViewController.swift */ = {isa = PBXFileReference; lastKnownFileType = sourcecode.swift; path = ViewController.swift; sourceTree = "<group>"; };
		01E8AA14256FF89E00F6B7EB /* Base */ = {isa = PBXFileReference; lastKnownFileType = file.storyboard; name = Base; path = Base.lproj/Main.storyboard; sourceTree = "<group>"; };
		01E8AA16256FF89F00F6B7EB /* Assets.xcassets */ = {isa = PBXFileReference; lastKnownFileType = folder.assetcatalog; path = Assets.xcassets; sourceTree = "<group>"; };
		01E8AA19256FF89F00F6B7EB /* Base */ = {isa = PBXFileReference; lastKnownFileType = file.storyboard; name = Base; path = Base.lproj/LaunchScreen.storyboard; sourceTree = "<group>"; };
		01E8AA1B256FF89F00F6B7EB /* Info.plist */ = {isa = PBXFileReference; lastKnownFileType = text.plist.xml; path = Info.plist; sourceTree = "<group>"; };
		03F7527A753FACCE2DB51561 /* Pods-WeatherApp.debug.xcconfig */ = {isa = PBXFileReference; includeInIndex = 1; lastKnownFileType = text.xcconfig; name = "Pods-WeatherApp.debug.xcconfig"; path = "Target Support Files/Pods-WeatherApp/Pods-WeatherApp.debug.xcconfig"; sourceTree = "<group>"; };
		B0EDEF1D372A3546460664F9 /* Pods-WeatherApp.release.xcconfig */ = {isa = PBXFileReference; includeInIndex = 1; lastKnownFileType = text.xcconfig; name = "Pods-WeatherApp.release.xcconfig"; path = "Target Support Files/Pods-WeatherApp/Pods-WeatherApp.release.xcconfig"; sourceTree = "<group>"; };
		E5E167EF4420C48E7DF93675 /* Pods_WeatherApp.framework */ = {isa = PBXFileReference; explicitFileType = wrapper.framework; includeInIndex = 0; path = Pods_WeatherApp.framework; sourceTree = BUILT_PRODUCTS_DIR; };
/* End PBXFileReference section */

/* Begin PBXFrameworksBuildPhase section */
		01E8AA07256FF89D00F6B7EB /* Frameworks */ = {
			isa = PBXFrameworksBuildPhase;
			buildActionMask = 2147483647;
			files = (
				66915CF2AE19E0A0D3F8B7EF /* Pods_WeatherApp.framework in Frameworks */,
			);
			runOnlyForDeploymentPostprocessing = 0;
		};
/* End PBXFrameworksBuildPhase section */

/* Begin PBXGroup section */
		01CAF1332571025E0021F8C7 /* Models */ = {
			isa = PBXGroup;
			children = (
				01CAF1342571026C0021F8C7 /* WeatherModel.swift */,
			);
			path = Models;
			sourceTree = "<group>";
		};
		01CAF1392571066F0021F8C7 /* Extensions */ = {
			isa = PBXGroup;
			children = (
				01CAF13A257106870021F8C7 /* URLRequest+Extensions.swift */,
				01CAF13D257111DC0021F8C7 /* URL+Extension.swift */,
			);
			path = Extensions;
			sourceTree = "<group>";
		};
		01E8AA01256FF89D00F6B7EB = {
			isa = PBXGroup;
			children = (
				01E8AA0C256FF89D00F6B7EB /* WeatherApp */,
				01E8AA0B256FF89D00F6B7EB /* Products */,
				F4B9583CDFE9696348C63825 /* Pods */,
				1F74CF0CE85D03AB2148CAD0 /* Frameworks */,
			);
			sourceTree = "<group>";
		};
		01E8AA0B256FF89D00F6B7EB /* Products */ = {
			isa = PBXGroup;
			children = (
				01E8AA0A256FF89D00F6B7EB /* WeatherApp.app */,
			);
			name = Products;
			sourceTree = "<group>";
		};
		01E8AA0C256FF89D00F6B7EB /* WeatherApp */ = {
			isa = PBXGroup;
			children = (
				01CAF1392571066F0021F8C7 /* Extensions */,
				01CAF1332571025E0021F8C7 /* Models */,
				01E8AA0D256FF89E00F6B7EB /* AppDelegate.swift */,
				01E8AA0F256FF89E00F6B7EB /* SceneDelegate.swift */,
				01E8AA11256FF89E00F6B7EB /* ViewController.swift */,
				01E8AA13256FF89E00F6B7EB /* Main.storyboard */,
				01E8AA16256FF89F00F6B7EB /* Assets.xcassets */,
				01E8AA18256FF89F00F6B7EB /* LaunchScreen.storyboard */,
				01E8AA1B256FF89F00F6B7EB /* Info.plist */,
			);
			path = WeatherApp;
			sourceTree = "<group>";
		};
		1F74CF0CE85D03AB2148CAD0 /* Frameworks */ = {
			isa = PBXGroup;
			children = (
				E5E167EF4420C48E7DF93675 /* Pods_WeatherApp.framework */,
			);
			name = Frameworks;
			sourceTree = "<group>";
		};
		F4B9583CDFE9696348C63825 /* Pods */ = {
			isa = PBXGroup;
			children = (
				03F7527A753FACCE2DB51561 /* Pods-WeatherApp.debug.xcconfig */,
				B0EDEF1D372A3546460664F9 /* Pods-WeatherApp.release.xcconfig */,
			);
			path = Pods;
			sourceTree = "<group>";
		};
/* End PBXGroup section */

/* Begin PBXNativeTarget section */
		01E8AA09256FF89D00F6B7EB /* WeatherApp */ = {
			isa = PBXNativeTarget;
			buildConfigurationList = 01E8AA1E256FF89F00F6B7EB /* Build configuration list for PBXNativeTarget "WeatherApp" */;
			buildPhases = (
				4ABC593F997F7E45F1DA80B0 /* [CP] Check Pods Manifest.lock */,
				01E8AA06256FF89D00F6B7EB /* Sources */,
				01E8AA07256FF89D00F6B7EB /* Frameworks */,
				01E8AA08256FF89D00F6B7EB /* Resources */,
				7C92E582317D635BCA249192 /* [CP] Embed Pods Frameworks */,
			);
			buildRules = (
			);
			dependencies = (
			);
			name = WeatherApp;
			productName = WeatherApp;
			productReference = 01E8AA0A256FF89D00F6B7EB /* WeatherApp.app */;
			productType = "com.apple.product-type.application";
		};
/* End PBXNativeTarget section */

/* Begin PBXProject section */
		01E8AA02256FF89D00F6B7EB /* Project object */ = {
			isa = PBXProject;
			attributes = {
				LastSwiftUpdateCheck = 1220;
				LastUpgradeCheck = 1220;
				TargetAttributes = {
					01E8AA09256FF89D00F6B7EB = {
						CreatedOnToolsVersion = 12.2;
					};
				};
			};
			buildConfigurationList = 01E8AA05256FF89D00F6B7EB /* Build configuration list for PBXProject "WeatherApp" */;
			compatibilityVersion = "Xcode 9.3";
			developmentRegion = en;
			hasScannedForEncodings = 0;
			knownRegions = (
				en,
				Base,
			);
			mainGroup = 01E8AA01256FF89D00F6B7EB;
			productRefGroup = 01E8AA0B256FF89D00F6B7EB /* Products */;
			projectDirPath = "";
			projectRoot = "";
			targets = (
				01E8AA09256FF89D00F6B7EB /* WeatherApp */,
			);
		};
/* End PBXProject section */

/* Begin PBXResourcesBuildPhase section */
		01E8AA08256FF89D00F6B7EB /* Resources */ = {
			isa = PBXResourcesBuildPhase;
			buildActionMask = 2147483647;
			files = (
				01E8AA1A256FF89F00F6B7EB /* LaunchScreen.storyboard in Resources */,
				01E8AA17256FF89F00F6B7EB /* Assets.xcassets in Resources */,
				01E8AA15256FF89E00F6B7EB /* Main.storyboard in Resources */,
			);
			runOnlyForDeploymentPostprocessing = 0;
		};
/* End PBXResourcesBuildPhase section */

/* Begin PBXShellScriptBuildPhase section */
		4ABC593F997F7E45F1DA80B0 /* [CP] Check Pods Manifest.lock */ = {
			isa = PBXShellScriptBuildPhase;
			buildActionMask = 2147483647;
			files = (
			);
			inputFileListPaths = (
			);
			inputPaths = (
				"${PODS_PODFILE_DIR_PATH}/Podfile.lock",
				"${PODS_ROOT}/Manifest.lock",
			);
			name = "[CP] Check Pods Manifest.lock";
			outputFileListPaths = (
			);
			outputPaths = (
				"$(DERIVED_FILE_DIR)/Pods-WeatherApp-checkManifestLockResult.txt",
			);
			runOnlyForDeploymentPostprocessing = 0;
			shellPath = /bin/sh;
			shellScript = "diff \"${PODS_PODFILE_DIR_PATH}/Podfile.lock\" \"${PODS_ROOT}/Manifest.lock\" > /dev/null\nif [ $? != 0 ] ; then\n    # print error to STDERR\n    echo \"error: The sandbox is not in sync with the Podfile.lock. Run 'pod install' or update your CocoaPods installation.\" >&2\n    exit 1\nfi\n# This output is used by Xcode 'outputs' to avoid re-running this script phase.\necho \"SUCCESS\" > \"${SCRIPT_OUTPUT_FILE_0}\"\n";
			showEnvVarsInLog = 0;
		};
		7C92E582317D635BCA249192 /* [CP] Embed Pods Frameworks */ = {
			isa = PBXShellScriptBuildPhase;
			buildActionMask = 2147483647;
			files = (
			);
			inputFileListPaths = (
				"${PODS_ROOT}/Target Support Files/Pods-WeatherApp/Pods-WeatherApp-frameworks-${CONFIGURATION}-input-files.xcfilelist",
			);
			name = "[CP] Embed Pods Frameworks";
			outputFileListPaths = (
				"${PODS_ROOT}/Target Support Files/Pods-WeatherApp/Pods-WeatherApp-frameworks-${CONFIGURATION}-output-files.xcfilelist",
			);
			runOnlyForDeploymentPostprocessing = 0;
			shellPath = /bin/sh;
			shellScript = "\"${PODS_ROOT}/Target Support Files/Pods-WeatherApp/Pods-WeatherApp-frameworks.sh\"\n";
			showEnvVarsInLog = 0;
		};
/* End PBXShellScriptBuildPhase section */

/* Begin PBXSourcesBuildPhase section */
		01E8AA06256FF89D00F6B7EB /* Sources */ = {
			isa = PBXSourcesBuildPhase;
			buildActionMask = 2147483647;
			files = (
				01E8AA12256FF89E00F6B7EB /* ViewController.swift in Sources */,
				01E8AA0E256FF89E00F6B7EB /* AppDelegate.swift in Sources */,
				01CAF1352571026C0021F8C7 /* WeatherModel.swift in Sources */,
				01CAF13B257106870021F8C7 /* URLRequest+Extensions.swift in Sources */,
				01E8AA10256FF89E00F6B7EB /* SceneDelegate.swift in Sources */,
				01CAF13E257111DC0021F8C7 /* URL+Extension.swift in Sources */,
			);
			runOnlyForDeploymentPostprocessing = 0;
		};
/* End PBXSourcesBuildPhase section */

/* Begin PBXVariantGroup section */
		01E8AA13256FF89E00F6B7EB /* Main.storyboard */ = {
			isa = PBXVariantGroup;
			children = (
				01E8AA14256FF89E00F6B7EB /* Base */,
			);
			name = Main.storyboard;
			sourceTree = "<group>";
		};
		01E8AA18256FF89F00F6B7EB /* LaunchScreen.storyboard */ = {
			isa = PBXVariantGroup;
			children = (
				01E8AA19256FF89F00F6B7EB /* Base */,
			);
			name = LaunchScreen.storyboard;
			sourceTree = "<group>";
		};
/* End PBXVariantGroup section */

/* Begin XCBuildConfiguration section */
		01E8AA1C256FF89F00F6B7EB /* Debug */ = {
			isa = XCBuildConfiguration;
			buildSettings = {
				ALWAYS_SEARCH_USER_PATHS = NO;
				CLANG_ANALYZER_NONNULL = YES;
				CLANG_ANALYZER_NUMBER_OBJECT_CONVERSION = YES_AGGRESSIVE;
				CLANG_CXX_LANGUAGE_STANDARD = "gnu++14";
				CLANG_CXX_LIBRARY = "libc++";
				CLANG_ENABLE_MODULES = YES;
				CLANG_ENABLE_OBJC_ARC = YES;
				CLANG_ENABLE_OBJC_WEAK = YES;
				CLANG_WARN_BLOCK_CAPTURE_AUTORELEASING = YES;
				CLANG_WARN_BOOL_CONVERSION = YES;
				CLANG_WARN_COMMA = YES;
				CLANG_WARN_CONSTANT_CONVERSION = YES;
				CLANG_WARN_DEPRECATED_OBJC_IMPLEMENTATIONS = YES;
				CLANG_WARN_DIRECT_OBJC_ISA_USAGE = YES_ERROR;
				CLANG_WARN_DOCUMENTATION_COMMENTS = YES;
				CLANG_WARN_EMPTY_BODY = YES;
				CLANG_WARN_ENUM_CONVERSION = YES;
				CLANG_WARN_INFINITE_RECURSION = YES;
				CLANG_WARN_INT_CONVERSION = YES;
				CLANG_WARN_NON_LITERAL_NULL_CONVERSION = YES;
				CLANG_WARN_OBJC_IMPLICIT_RETAIN_SELF = YES;
				CLANG_WARN_OBJC_LITERAL_CONVERSION = YES;
				CLANG_WARN_OBJC_ROOT_CLASS = YES_ERROR;
				CLANG_WARN_QUOTED_INCLUDE_IN_FRAMEWORK_HEADER = YES;
				CLANG_WARN_RANGE_LOOP_ANALYSIS = YES;
				CLANG_WARN_STRICT_PROTOTYPES = YES;
				CLANG_WARN_SUSPICIOUS_MOVE = YES;
				CLANG_WARN_UNGUARDED_AVAILABILITY = YES_AGGRESSIVE;
				CLANG_WARN_UNREACHABLE_CODE = YES;
				CLANG_WARN__DUPLICATE_METHOD_MATCH = YES;
				COPY_PHASE_STRIP = NO;
				DEBUG_INFORMATION_FORMAT = dwarf;
				ENABLE_STRICT_OBJC_MSGSEND = YES;
				ENABLE_TESTABILITY = YES;
				GCC_C_LANGUAGE_STANDARD = gnu11;
				GCC_DYNAMIC_NO_PIC = NO;
				GCC_NO_COMMON_BLOCKS = YES;
				GCC_OPTIMIZATION_LEVEL = 0;
				GCC_PREPROCESSOR_DEFINITIONS = (
					"DEBUG=1",
					"$(inherited)",
				);
				GCC_WARN_64_TO_32_BIT_CONVERSION = YES;
				GCC_WARN_ABOUT_RETURN_TYPE = YES_ERROR;
				GCC_WARN_UNDECLARED_SELECTOR = YES;
				GCC_WARN_UNINITIALIZED_AUTOS = YES_AGGRESSIVE;
				GCC_WARN_UNUSED_FUNCTION = YES;
				GCC_WARN_UNUSED_VARIABLE = YES;
				IPHONEOS_DEPLOYMENT_TARGET = 14.2;
				MTL_ENABLE_DEBUG_INFO = INCLUDE_SOURCE;
				MTL_FAST_MATH = YES;
				ONLY_ACTIVE_ARCH = YES;
				SDKROOT = iphoneos;
				SWIFT_ACTIVE_COMPILATION_CONDITIONS = DEBUG;
				SWIFT_OPTIMIZATION_LEVEL = "-Onone";
			};
			name = Debug;
		};
		01E8AA1D256FF89F00F6B7EB /* Release */ = {
			isa = XCBuildConfiguration;
			buildSettings = {
				ALWAYS_SEARCH_USER_PATHS = NO;
				CLANG_ANALYZER_NONNULL = YES;
				CLANG_ANALYZER_NUMBER_OBJECT_CONVERSION = YES_AGGRESSIVE;
				CLANG_CXX_LANGUAGE_STANDARD = "gnu++14";
				CLANG_CXX_LIBRARY = "libc++";
				CLANG_ENABLE_MODULES = YES;
				CLANG_ENABLE_OBJC_ARC = YES;
				CLANG_ENABLE_OBJC_WEAK = YES;
				CLANG_WARN_BLOCK_CAPTURE_AUTORELEASING = YES;
				CLANG_WARN_BOOL_CONVERSION = YES;
				CLANG_WARN_COMMA = YES;
				CLANG_WARN_CONSTANT_CONVERSION = YES;
				CLANG_WARN_DEPRECATED_OBJC_IMPLEMENTATIONS = YES;
				CLANG_WARN_DIRECT_OBJC_ISA_USAGE = YES_ERROR;
				CLANG_WARN_DOCUMENTATION_COMMENTS = YES;
				CLANG_WARN_EMPTY_BODY = YES;
				CLANG_WARN_ENUM_CONVERSION = YES;
				CLANG_WARN_INFINITE_RECURSION = YES;
				CLANG_WARN_INT_CONVERSION = YES;
				CLANG_WARN_NON_LITERAL_NULL_CONVERSION = YES;
				CLANG_WARN_OBJC_IMPLICIT_RETAIN_SELF = YES;
				CLANG_WARN_OBJC_LITERAL_CONVERSION = YES;
				CLANG_WARN_OBJC_ROOT_CLASS = YES_ERROR;
				CLANG_WARN_QUOTED_INCLUDE_IN_FRAMEWORK_HEADER = YES;
				CLANG_WARN_RANGE_LOOP_ANALYSIS = YES;
				CLANG_WARN_STRICT_PROTOTYPES = YES;
				CLANG_WARN_SUSPICIOUS_MOVE = YES;
				CLANG_WARN_UNGUARDED_AVAILABILITY = YES_AGGRESSIVE;
				CLANG_WARN_UNREACHABLE_CODE = YES;
				CLANG_WARN__DUPLICATE_METHOD_MATCH = YES;
				COPY_PHASE_STRIP = NO;
				DEBUG_INFORMATION_FORMAT = "dwarf-with-dsym";
				ENABLE_NS_ASSERTIONS = NO;
				ENABLE_STRICT_OBJC_MSGSEND = YES;
				GCC_C_LANGUAGE_STANDARD = gnu11;
				GCC_NO_COMMON_BLOCKS = YES;
				GCC_WARN_64_TO_32_BIT_CONVERSION = YES;
				GCC_WARN_ABOUT_RETURN_TYPE = YES_ERROR;
				GCC_WARN_UNDECLARED_SELECTOR = YES;
				GCC_WARN_UNINITIALIZED_AUTOS = YES_AGGRESSIVE;
				GCC_WARN_UNUSED_FUNCTION = YES;
				GCC_WARN_UNUSED_VARIABLE = YES;
				IPHONEOS_DEPLOYMENT_TARGET = 14.2;
				MTL_ENABLE_DEBUG_INFO = NO;
				MTL_FAST_MATH = YES;
				SDKROOT = iphoneos;
				SWIFT_COMPILATION_MODE = wholemodule;
				SWIFT_OPTIMIZATION_LEVEL = "-O";
				VALIDATE_PRODUCT = YES;
			};
			name = Release;
		};
		01E8AA1F256FF89F00F6B7EB /* Debug */ = {
			isa = XCBuildConfiguration;
			baseConfigurationReference = 03F7527A753FACCE2DB51561 /* Pods-WeatherApp.debug.xcconfig */;
			buildSettings = {
				ASSETCATALOG_COMPILER_APPICON_NAME = AppIcon;
				ASSETCATALOG_COMPILER_GLOBAL_ACCENT_COLOR_NAME = AccentColor;
				CODE_SIGN_STYLE = Automatic;
				DEVELOPMENT_TEAM = 6HLHYZ382H;
				INFOPLIST_FILE = WeatherApp/Info.plist;
				LD_RUNPATH_SEARCH_PATHS = (
					"$(inherited)",
					"@executable_path/Frameworks",
				);
				PRODUCT_BUNDLE_IDENTIFIER = com.codevelop.WeatherApp;
				PRODUCT_NAME = "$(TARGET_NAME)";
				SWIFT_VERSION = 5.0;
				TARGETED_DEVICE_FAMILY = "1,2";
			};
			name = Debug;
		};
		01E8AA20256FF89F00F6B7EB /* Release */ = {
			isa = XCBuildConfiguration;
			baseConfigurationReference = B0EDEF1D372A3546460664F9 /* Pods-WeatherApp.release.xcconfig */;
			buildSettings = {
				ASSETCATALOG_COMPILER_APPICON_NAME = AppIcon;
				ASSETCATALOG_COMPILER_GLOBAL_ACCENT_COLOR_NAME = AccentColor;
				CODE_SIGN_STYLE = Automatic;
				DEVELOPMENT_TEAM = 6HLHYZ382H;
				INFOPLIST_FILE = WeatherApp/Info.plist;
				LD_RUNPATH_SEARCH_PATHS = (
					"$(inherited)",
					"@executable_path/Frameworks",
				);
				PRODUCT_BUNDLE_IDENTIFIER = com.codevelop.WeatherApp;
				PRODUCT_NAME = "$(TARGET_NAME)";
				SWIFT_VERSION = 5.0;
				TARGETED_DEVICE_FAMILY = "1,2";
			};
			name = Release;
		};
/* End XCBuildConfiguration section */

/* Begin XCConfigurationList section */
		01E8AA05256FF89D00F6B7EB /* Build configuration list for PBXProject "WeatherApp" */ = {
			isa = XCConfigurationList;
			buildConfigurations = (
				01E8AA1C256FF89F00F6B7EB /* Debug */,
				01E8AA1D256FF89F00F6B7EB /* Release */,
			);
			defaultConfigurationIsVisible = 0;
			defaultConfigurationName = Release;
		};
		01E8AA1E256FF89F00F6B7EB /* Build configuration list for PBXNativeTarget "WeatherApp" */ = {
			isa = XCConfigurationList;
			buildConfigurations = (
				01E8AA1F256FF89F00F6B7EB /* Debug */,
				01E8AA20256FF89F00F6B7EB /* Release */,
			);
			defaultConfigurationIsVisible = 0;
			defaultConfigurationName = Release;
		};
/* End XCConfigurationList section */
	};
	rootObject = 01E8AA02256FF89D00F6B7EB /* Project object */;
}
